
Microsoft Visual Studio Solution File, Format Version 12.00
# Visual Studio Version 16
VisualStudioVersion = 16.0.30128.74
MinimumVisualStudioVersion = 10.0.40219.1
Project("{FAE04EC0-301F-11D3-BF4B-00C04F79EFBC}") = "MyFirstAPI", "MyFirstAPI\MyFirstAPI.csproj", "{54340FB3-F504-4BA0-934C-1DE22F779F76}"
EndProject
Global
	GlobalSection(SolutionConfigurationPlatforms) = preSolution
		Debug|Any CPU = Debug|Any CPU
		Release|Any CPU = Release|Any CPU
	EndGlobalSection
	GlobalSection(ProjectConfigurationPlatforms) = postSolution
		{54340FB3-F504-4BA0-934C-1DE22F779F76}.Debug|Any CPU.ActiveCfg = Debug|Any CPU
		{54340FB3-F504-4BA0-934C-1DE22F779F76}.Debug|Any CPU.Build.0 = Debug|Any CPU
		{54340FB3-F504-4BA0-934C-1DE22F779F76}.Release|Any CPU.ActiveCfg = Release|Any CPU
		{54340FB3-F504-4BA0-934C-1DE22F779F76}.Release|Any CPU.Build.0 = Release|Any CPU
	EndGlobalSection
	GlobalSection(SolutionProperties) = preSolution
		HideSolutionNode = FALSE
	EndGlobalSection
	GlobalSection(ExtensibilityGlobals) = postSolution
		SolutionGuid = {578EAD4B-0189-4C33-95EB-1D80526790CD}
	EndGlobalSection
EndGlobal
